
Microsoft Visual Studio Solution File, Format Version 12.00
# Visual Studio Version 16
VisualStudioVersion = 16.0.31112.23
MinimumVisualStudioVersion = 10.0.40219.1
Project("{FAE04EC0-301F-11D3-BF4B-00C04F79EFBC}") = "BanHang", "BanHang.csproj", "{8FCBDBB1-AB38-4C85-98E0-7CEEB361FD3E}"
EndProject
Global
	GlobalSection(SolutionConfigurationPlatforms) = preSolution
		Debug|Any CPU = Debug|Any CPU
		Release|Any CPU = Release|Any CPU
	EndGlobalSection
	GlobalSection(ProjectConfigurationPlatforms) = postSolution
		{8FCBDBB1-AB38-4C85-98E0-7CEEB361FD3E}.Debug|Any CPU.ActiveCfg = Debug|Any CPU
		{8FCBDBB1-AB38-4C85-98E0-7CEEB361FD3E}.Debug|Any CPU.Build.0 = Debug|Any CPU
		{8FCBDBB1-AB38-4C85-98E0-7CEEB361FD3E}.Release|Any CPU.ActiveCfg = Release|Any CPU
		{8FCBDBB1-AB38-4C85-98E0-7CEEB361FD3E}.Release|Any CPU.Build.0 = Release|Any CPU
	EndGlobalSection
	GlobalSection(SolutionProperties) = preSolution
		HideSolutionNode = FALSE
	EndGlobalSection
	GlobalSection(ExtensibilityGlobals) = postSolution
		SolutionGuid = {0C58A6CE-A454-4B44-A854-F95D49060112}
	EndGlobalSection
EndGlobal
